
Microsoft Visual Studio Solution File, Format Version 12.00
# Visual Studio 15
VisualStudioVersion = 15.0.28307.168
MinimumVisualStudioVersion = 10.0.40219.1
Project("{FAE04EC0-301F-11D3-BF4B-00C04F79EFBC}") = "AspNetMvcECommerce", "AspNetMvcECommerce\AspNetMvcECommerce.csproj", "{C756EEFB-D26D-4CB2-9ABC-55A3F5489DF3}"
EndProject
Global
	GlobalSection(SolutionConfigurationPlatforms) = preSolution
		Debug|Any CPU = Debug|Any CPU
		Release|Any CPU = Release|Any CPU
	EndGlobalSection
	GlobalSection(ProjectConfigurationPlatforms) = postSolution
		{C756EEFB-D26D-4CB2-9ABC-55A3F5489DF3}.Debug|Any CPU.ActiveCfg = Debug|Any CPU
		{C756EEFB-D26D-4CB2-9ABC-55A3F5489DF3}.Debug|Any CPU.Build.0 = Debug|Any CPU
		{C756EEFB-D26D-4CB2-9ABC-55A3F5489DF3}.Release|Any CPU.ActiveCfg = Release|Any CPU
		{C756EEFB-D26D-4CB2-9ABC-55A3F5489DF3}.Release|Any CPU.Build.0 = Release|Any CPU
	EndGlobalSection
	GlobalSection(SolutionProperties) = preSolution
		HideSolutionNode = FALSE
	EndGlobalSection
	GlobalSection(ExtensibilityGlobals) = postSolution
		SolutionGuid = {10558DBB-A26C-4C03-8E40-74F7197A0E92}
	EndGlobalSection
EndGlobal
